PODS:
  - YWNamePlaceholder (1.3)

DEPENDENCIES:
  - YWNamePlaceholder (from `~/Documents/Github/YWNamePlaceholder`)

EXTERNAL SOURCES:
  YWNamePlaceholder:
    :path: "~/Documents/Github/YWNamePlaceholder"

SPEC CHECKSUMS:
  YWNamePlaceholder: 33b20257792c3dbe920816c6d0f2e6f3b08f1ecc

PODFILE CHECKSUM: '099e70268e8db467508e0ad7e23d13f4330e1e5d'

COCOAPODS: 1.1.1
